
Microsoft Visual Studio Solution File, Format Version 12.00
# Visual Studio Version 17
VisualStudioVersion = 17.1.32319.34
MinimumVisualStudioVersion = 10.0.40219.1
Project("{8BC9CEB8-8B4A-11D0-8D11-00A0C91BC942}") = "通讯录管理项目", "通讯录管理项目\通讯录管理项目.vcxproj", "{3825EB0B-A41F-426D-AFD3-CB48408445EE}"
EndProject
Global
	GlobalSection(SolutionConfigurationPlatforms) = preSolution
		Debug|x64 = Debug|x64
		Debug|x86 = Debug|x86
		Release|x64 = Release|x64
		Release|x86 = Release|x86
	EndGlobalSection
	GlobalSection(ProjectConfigurationPlatforms) = postSolution
		{3825EB0B-A41F-426D-AFD3-CB48408445EE}.Debug|x64.ActiveCfg = Debug|x64
		{3825EB0B-A41F-426D-AFD3-CB48408445EE}.Debug|x64.Build.0 = Debug|x64
		{3825EB0B-A41F-426D-AFD3-CB48408445EE}.Debug|x86.ActiveCfg = Debug|Win32
		{3825EB0B-A41F-426D-AFD3-CB48408445EE}.Debug|x86.Build.0 = Debug|Win32
		{3825EB0B-A41F-426D-AFD3-CB48408445EE}.Release|x64.ActiveCfg = Release|x64
		{3825EB0B-A41F-426D-AFD3-CB48408445EE}.Release|x64.Build.0 = Release|x64
		{3825EB0B-A41F-426D-AFD3-CB48408445EE}.Release|x86.ActiveCfg = Release|Win32
		{3825EB0B-A41F-426D-AFD3-CB48408445EE}.Release|x86.Build.0 = Release|Win32
	EndGlobalSection
	GlobalSection(SolutionProperties) = preSolution
		HideSolutionNode = FALSE
	EndGlobalSection
	GlobalSection(ExtensibilityGlobals) = postSolution
		SolutionGuid = {1FD9FAD7-0277-41F2-B8B0-B3B89B7AAD0E}
	EndGlobalSection
EndGlobal
